// !$*UTF8*$!
{
	archiveVersion = 1;
	classes = {
	};
	objectVersion = 50;
	objects = {

/* Begin PBXBuildFile section */
		4110BA6920C44FF400851420 /* CustomDropDownCellWithoutNib.swift in Sources */ = {isa = PBXBuildFile; fileRef = 4110BA6820C44FF400851420 /* CustomDropDownCellWithoutNib.swift */; };
		4110BA6C20C450DF00851420 /* UITableView+Extensions.swift in Sources */ = {isa = PBXBuildFile; fileRef = 4110BA6B20C450DF00851420 /* UITableView+Extensions.swift */; };
		4145D05820A3A9340005F324 /* Fruit.swift in Sources */ = {isa = PBXBuildFile; fileRef = 4145D05720A3A9340005F324 /* Fruit.swift */; };
		4145D05A20A3A9F00005F324 /* DropDownDelegate.swift in Sources */ = {isa = PBXBuildFile; fileRef = 4145D05920A3A9F00005F324 /* DropDownDelegate.swift */; };
		4178298020B213DC00527B4F /* DropDownCell.swift in Sources */ = {isa = PBXBuildFile; fileRef = 4178297F20B213DC00527B4F /* DropDownCell.swift */; };
		4178298320B2204400527B4F /* CustomDropDownCellWithNib.swift in Sources */ = {isa = PBXBuildFile; fileRef = 4178298120B2204400527B4F /* CustomDropDownCellWithNib.swift */; };
		4178298420B2204400527B4F /* CustomDropDownCellWithNib.xib in Resources */ = {isa = PBXBuildFile; fileRef = 4178298220B2204400527B4F /* CustomDropDownCellWithNib.xib */; };
		417BFA3720CEAB640083CD6F /* Thumbnailable.swift in Sources */ = {isa = PBXBuildFile; fileRef = 417BFA3620CEAB640083CD6F /* Thumbnailable.swift */; };
		418AF37020CC37410020F091 /* UIView+Extensions.swift in Sources */ = {isa = PBXBuildFile; fileRef = 418AF36F20CC37410020F091 /* UIView+Extensions.swift */; };
		419B8F3020CAB9C7008C4289 /* DropDownState.swift in Sources */ = {isa = PBXBuildFile; fileRef = 419B8F2F20CAB9C7008C4289 /* DropDownState.swift */; };
		41CD4CD92093A7160029800B /* AppDelegate.swift in Sources */ = {isa = PBXBuildFile; fileRef = 41CD4CD82093A7160029800B /* AppDelegate.swift */; };
		41CD4CDB2093A7160029800B /* ViewController.swift in Sources */ = {isa = PBXBuildFile; fileRef = 41CD4CDA2093A7160029800B /* ViewController.swift */; };
		41CD4CDE2093A7160029800B /* Main.storyboard in Resources */ = {isa = PBXBuildFile; fileRef = 41CD4CDC2093A7160029800B /* Main.storyboard */; };
		41CD4CE02093A7180029800B /* Assets.xcassets in Resources */ = {isa = PBXBuildFile; fileRef = 41CD4CDF2093A7180029800B /* Assets.xcassets */; };
		41CD4CE32093A7180029800B /* LaunchScreen.storyboard in Resources */ = {isa = PBXBuildFile; fileRef = 41CD4CE12093A7180029800B /* LaunchScreen.storyboard */; };
		41CD4CEB2093A7290029800B /* DropDownMenu.swift in Sources */ = {isa = PBXBuildFile; fileRef = 41CD4CEA2093A7290029800B /* DropDownMenu.swift */; };
/* End PBXBuildFile section */

/* Begin PBXFileReference section */
		4110BA6820C44FF400851420 /* CustomDropDownCellWithoutNib.swift */ = {isa = PBXFileReference; lastKnownFileType = sourcecode.swift; path = CustomDropDownCellWithoutNib.swift; sourceTree = "<group>"; };
		4110BA6B20C450DF00851420 /* UITableView+Extensions.swift */ = {isa = PBXFileReference; lastKnownFileType = sourcecode.swift; path = "UITableView+Extensions.swift"; sourceTree = "<group>"; };
		4145D05720A3A9340005F324 /* Fruit.swift */ = {isa = PBXFileReference; lastKnownFileType = sourcecode.swift; path = Fruit.swift; sourceTree = "<group>"; };
		4145D05920A3A9F00005F324 /* DropDownDelegate.swift */ = {isa = PBXFileReference; lastKnownFileType = sourcecode.swift; path = DropDownDelegate.swift; sourceTree = "<group>"; };
		4178297F20B213DC00527B4F /* DropDownCell.swift */ = {isa = PBXFileReference; lastKnownFileType = sourcecode.swift; path = DropDownCell.swift; sourceTree = "<group>"; };
		4178298120B2204400527B4F /* CustomDropDownCellWithNib.swift */ = {isa = PBXFileReference; lastKnownFileType = sourcecode.swift; path = CustomDropDownCellWithNib.swift; sourceTree = "<group>"; };
		4178298220B2204400527B4F /* CustomDropDownCellWithNib.xib */ = {isa = PBXFileReference; lastKnownFileType = file.xib; path = CustomDropDownCellWithNib.xib; sourceTree = "<group>"; };
		417BFA3620CEAB640083CD6F /* Thumbnailable.swift */ = {isa = PBXFileReference; lastKnownFileType = sourcecode.swift; path = Thumbnailable.swift; sourceTree = "<group>"; };
		418AF36F20CC37410020F091 /* UIView+Extensions.swift */ = {isa = PBXFileReference; lastKnownFileType = sourcecode.swift; path = "UIView+Extensions.swift"; sourceTree = "<group>"; };
		419B8F2F20CAB9C7008C4289 /* DropDownState.swift */ = {isa = PBXFileReference; lastKnownFileType = sourcecode.swift; path = DropDownState.swift; sourceTree = "<group>"; };
		41CD4CD52093A7160029800B /* DropDownButton.app */ = {isa = PBXFileReference; explicitFileType = wrapper.application; includeInIndex = 0; path = DropDownButton.app; sourceTree = BUILT_PRODUCTS_DIR; };
		41CD4CD82093A7160029800B /* AppDelegate.swift */ = {isa = PBXFileReference; lastKnownFileType = sourcecode.swift; path = AppDelegate.swift; sourceTree = "<group>"; };
		41CD4CDA2093A7160029800B /* ViewController.swift */ = {isa = PBXFileReference; lastKnownFileType = sourcecode.swift; path = ViewController.swift; sourceTree = "<group>"; };
		41CD4CDD2093A7160029800B /* Base */ = {isa = PBXFileReference; lastKnownFileType = file.storyboard; name = Base; path = Base.lproj/Main.storyboard; sourceTree = "<group>"; };
		41CD4CDF2093A7180029800B /* Assets.xcassets */ = {isa = PBXFileReference; lastKnownFileType = folder.assetcatalog; path = Assets.xcassets; sourceTree = "<group>"; };
		41CD4CE22093A7180029800B /* Base */ = {isa = PBXFileReference; lastKnownFileType = file.storyboard; name = Base; path = Base.lproj/LaunchScreen.storyboard; sourceTree = "<group>"; };
		41CD4CE42093A7180029800B /* Info.plist */ = {isa = PBXFileReference; lastKnownFileType = text.plist.xml; path = Info.plist; sourceTree = "<group>"; };
		41CD4CEA2093A7290029800B /* DropDownMenu.swift */ = {isa = PBXFileReference; fileEncoding = 4; lastKnownFileType = sourcecode.swift; path = DropDownMenu.swift; sourceTree = "<group>"; };
/* End PBXFileReference section */

/* Begin PBXFrameworksBuildPhase section */
		41CD4CD22093A7160029800B /* Frameworks */ = {
			isa = PBXFrameworksBuildPhase;
			buildActionMask = 2147483647;
			files = (
			);
			runOnlyForDeploymentPostprocessing = 0;
		};
/* End PBXFrameworksBuildPhase section */

/* Begin PBXGroup section */
		41B80F4D20C4780600A62459 /* Example */ = {
			isa = PBXGroup;
			children = (
				41CD4CD82093A7160029800B /* AppDelegate.swift */,
				41CD4CDA2093A7160029800B /* ViewController.swift */,
				4145D05720A3A9340005F324 /* Fruit.swift */,
				4110BA6820C44FF400851420 /* CustomDropDownCellWithoutNib.swift */,
				4178298120B2204400527B4F /* CustomDropDownCellWithNib.swift */,
				4178298220B2204400527B4F /* CustomDropDownCellWithNib.xib */,
				41CD4CDC2093A7160029800B /* Main.storyboard */,
				41CD4CE12093A7180029800B /* LaunchScreen.storyboard */,
				41CD4CDF2093A7180029800B /* Assets.xcassets */,
				41CD4CE42093A7180029800B /* Info.plist */,
			);
			path = Example;
			sourceTree = "<group>";
		};
		41CD4CCC2093A7160029800B = {
			isa = PBXGroup;
			children = (
				41CD4CD72093A7160029800B /* DropDownButton */,
				41CD4CD62093A7160029800B /* Products */,
			);
			sourceTree = "<group>";
		};
		41CD4CD62093A7160029800B /* Products */ = {
			isa = PBXGroup;
			children = (
				41CD4CD52093A7160029800B /* DropDownButton.app */,
			);
			name = Products;
			sourceTree = "<group>";
		};
		41CD4CD72093A7160029800B /* DropDownButton */ = {
			isa = PBXGroup;
			children = (
				41CD4CEA2093A7290029800B /* DropDownMenu.swift */,
				4145D05920A3A9F00005F324 /* DropDownDelegate.swift */,
				419B8F2F20CAB9C7008C4289 /* DropDownState.swift */,
				4178297F20B213DC00527B4F /* DropDownCell.swift */,
				417BFA3620CEAB640083CD6F /* Thumbnailable.swift */,
				4110BA6B20C450DF00851420 /* UITableView+Extensions.swift */,
				418AF36F20CC37410020F091 /* UIView+Extensions.swift */,
				41B80F4D20C4780600A62459 /* Example */,
			);
			path = DropDownButton;
			sourceTree = "<group>";
		};
/* End PBXGroup section */

/* Begin PBXNativeTarget section */
		41CD4CD42093A7160029800B /* DropDownButton */ = {
			isa = PBXNativeTarget;
			buildConfigurationList = 41CD4CE72093A7180029800B /* Build configuration list for PBXNativeTarget "DropDownButton" */;
			buildPhases = (
				41CD4CD12093A7160029800B /* Sources */,
				41CD4CD22093A7160029800B /* Frameworks */,
				41CD4CD32093A7160029800B /* Resources */,
			);
			buildRules = (
			);
			dependencies = (
			);
			name = DropDownButton;
			productName = DropDownButton;
			productReference = 41CD4CD52093A7160029800B /* DropDownButton.app */;
			productType = "com.apple.product-type.application";
		};
/* End PBXNativeTarget section */

/* Begin PBXProject section */
		41CD4CCD2093A7160029800B /* Project object */ = {
			isa = PBXProject;
			attributes = {
				LastSwiftUpdateCheck = 0930;
				LastUpgradeCheck = 0930;
				ORGANIZATIONNAME = m3g0byt3;
				TargetAttributes = {
					41CD4CD42093A7160029800B = {
						CreatedOnToolsVersion = 9.3;
					};
				};
			};
			buildConfigurationList = 41CD4CD02093A7160029800B /* Build configuration list for PBXProject "DropDownButton" */;
			compatibilityVersion = "Xcode 9.3";
			developmentRegion = en;
			hasScannedForEncodings = 0;
			knownRegions = (
				en,
				Base,
			);
			mainGroup = 41CD4CCC2093A7160029800B;
			productRefGroup = 41CD4CD62093A7160029800B /* Products */;
			projectDirPath = "";
			projectRoot = "";
			targets = (
				41CD4CD42093A7160029800B /* DropDownButton */,
			);
		};
/* End PBXProject section */

/* Begin PBXResourcesBuildPhase section */
		41CD4CD32093A7160029800B /* Resources */ = {
			isa = PBXResourcesBuildPhase;
			buildActionMask = 2147483647;
			files = (
				41CD4CE32093A7180029800B /* LaunchScreen.storyboard in Resources */,
				41CD4CE02093A7180029800B /* Assets.xcassets in Resources */,
				41CD4CDE2093A7160029800B /* Main.storyboard in Resources */,
				4178298420B2204400527B4F /* CustomDropDownCellWithNib.xib in Resources */,
			);
			runOnlyForDeploymentPostprocessing = 0;
		};
/* End PBXResourcesBuildPhase section */

/* Begin PBXSourcesBuildPhase section */
		41CD4CD12093A7160029800B /* Sources */ = {
			isa = PBXSourcesBuildPhase;
			buildActionMask = 2147483647;
			files = (
				419B8F3020CAB9C7008C4289 /* DropDownState.swift in Sources */,
				4110BA6C20C450DF00851420 /* UITableView+Extensions.swift in Sources */,
				4145D05820A3A9340005F324 /* Fruit.swift in Sources */,
				417BFA3720CEAB640083CD6F /* Thumbnailable.swift in Sources */,
				41CD4CEB2093A7290029800B /* DropDownMenu.swift in Sources */,
				4110BA6920C44FF400851420 /* CustomDropDownCellWithoutNib.swift in Sources */,
				4178298320B2204400527B4F /* CustomDropDownCellWithNib.swift in Sources */,
				4178298020B213DC00527B4F /* DropDownCell.swift in Sources */,
				41CD4CDB2093A7160029800B /* ViewController.swift in Sources */,
				41CD4CD92093A7160029800B /* AppDelegate.swift in Sources */,
				4145D05A20A3A9F00005F324 /* DropDownDelegate.swift in Sources */,
				418AF37020CC37410020F091 /* UIView+Extensions.swift in Sources */,
			);
			runOnlyForDeploymentPostprocessing = 0;
		};
/* End PBXSourcesBuildPhase section */

/* Begin PBXVariantGroup section */
		41CD4CDC2093A7160029800B /* Main.storyboard */ = {
			isa = PBXVariantGroup;
			children = (
				41CD4CDD2093A7160029800B /* Base */,
			);
			name = Main.storyboard;
			sourceTree = "<group>";
		};
		41CD4CE12093A7180029800B /* LaunchScreen.storyboard */ = {
			isa = PBXVariantGroup;
			children = (
				41CD4CE22093A7180029800B /* Base */,
			);
			name = LaunchScreen.storyboard;
			sourceTree = "<group>";
		};
/* End PBXVariantGroup section */

/* Begin XCBuildConfiguration section */
		41CD4CE52093A7180029800B /* Debug */ = {
			isa = XCBuildConfiguration;
			buildSettings = {
				ALWAYS_SEARCH_USER_PATHS = NO;
				CLANG_ANALYZER_NONNULL = YES;
				CLANG_ANALYZER_NUMBER_OBJECT_CONVERSION = YES_AGGRESSIVE;
				CLANG_CXX_LANGUAGE_STANDARD = "gnu++14";
				CLANG_CXX_LIBRARY = "libc++";
				CLANG_ENABLE_MODULES = YES;
				CLANG_ENABLE_OBJC_ARC = YES;
				CLANG_ENABLE_OBJC_WEAK = YES;
				CLANG_WARN_BLOCK_CAPTURE_AUTORELEASING = YES;
				CLANG_WARN_BOOL_CONVERSION = YES;
				CLANG_WARN_COMMA = YES;
				CLANG_WARN_CONSTANT_CONVERSION = YES;
				CLANG_WARN_DEPRECATED_OBJC_IMPLEMENTATIONS = YES;
				CLANG_WARN_DIRECT_OBJC_ISA_USAGE = YES_ERROR;
				CLANG_WARN_DOCUMENTATION_COMMENTS = YES;
				CLANG_WARN_EMPTY_BODY = YES;
				CLANG_WARN_ENUM_CONVERSION = YES;
				CLANG_WARN_INFINITE_RECURSION = YES;
				CLANG_WARN_INT_CONVERSION = YES;
				CLANG_WARN_NON_LITERAL_NULL_CONVERSION = YES;
				CLANG_WARN_OBJC_IMPLICIT_RETAIN_SELF = YES;
				CLANG_WARN_OBJC_LITERAL_CONVERSION = YES;
				CLANG_WARN_OBJC_ROOT_CLASS = YES_ERROR;
				CLANG_WARN_RANGE_LOOP_ANALYSIS = YES;
				CLANG_WARN_STRICT_PROTOTYPES = YES;
				CLANG_WARN_SUSPICIOUS_MOVE = YES;
				CLANG_WARN_UNGUARDED_AVAILABILITY = YES_AGGRESSIVE;
				CLANG_WARN_UNREACHABLE_CODE = YES;
				CLANG_WARN__DUPLICATE_METHOD_MATCH = YES;
				CODE_SIGN_IDENTITY = "iPhone Developer";
				COPY_PHASE_STRIP = NO;
				DEBUG_INFORMATION_FORMAT = dwarf;
				ENABLE_STRICT_OBJC_MSGSEND = YES;
				ENABLE_TESTABILITY = YES;
				GCC_C_LANGUAGE_STANDARD = gnu11;
				GCC_DYNAMIC_NO_PIC = NO;
				GCC_NO_COMMON_BLOCKS = YES;
				GCC_OPTIMIZATION_LEVEL = 0;
				GCC_PREPROCESSOR_DEFINITIONS = (
					"DEBUG=1",
					"$(inherited)",
				);
				GCC_WARN_64_TO_32_BIT_CONVERSION = YES;
				GCC_WARN_ABOUT_RETURN_TYPE = YES_ERROR;
				GCC_WARN_UNDECLARED_SELECTOR = YES;
				GCC_WARN_UNINITIALIZED_AUTOS = YES_AGGRESSIVE;
				GCC_WARN_UNUSED_FUNCTION = YES;
				GCC_WARN_UNUSED_VARIABLE = YES;
				INFOPLIST_FILE = "";
				IPHONEOS_DEPLOYMENT_TARGET = 9.3;
				MTL_ENABLE_DEBUG_INFO = YES;
				ONLY_ACTIVE_ARCH = YES;
				SDKROOT = iphoneos;
				SWIFT_ACTIVE_COMPILATION_CONDITIONS = DEBUG;
				SWIFT_OPTIMIZATION_LEVEL = "-Onone";
			};
			name = Debug;
		};
		41CD4CE62093A7180029800B /* Release */ = {
			isa = XCBuildConfiguration;
			buildSettings = {
				ALWAYS_SEARCH_USER_PATHS = NO;
				CLANG_ANALYZER_NONNULL = YES;
				CLANG_ANALYZER_NUMBER_OBJECT_CONVERSION = YES_AGGRESSIVE;
				CLANG_CXX_LANGUAGE_STANDARD = "gnu++14";
				CLANG_CXX_LIBRARY = "libc++";
				CLANG_ENABLE_MODULES = YES;
				CLANG_ENABLE_OBJC_ARC = YES;
				CLANG_ENABLE_OBJC_WEAK = YES;
				CLANG_WARN_BLOCK_CAPTURE_AUTORELEASING = YES;
				CLANG_WARN_BOOL_CONVERSION = YES;
				CLANG_WARN_COMMA = YES;
				CLANG_WARN_CONSTANT_CONVERSION = YES;
				CLANG_WARN_DEPRECATED_OBJC_IMPLEMENTATIONS = YES;
				CLANG_WARN_DIRECT_OBJC_ISA_USAGE = YES_ERROR;
				CLANG_WARN_DOCUMENTATION_COMMENTS = YES;
				CLANG_WARN_EMPTY_BODY = YES;
				CLANG_WARN_ENUM_CONVERSION = YES;
				CLANG_WARN_INFINITE_RECURSION = YES;
				CLANG_WARN_INT_CONVERSION = YES;
				CLANG_WARN_NON_LITERAL_NULL_CONVERSION = YES;
				CLANG_WARN_OBJC_IMPLICIT_RETAIN_SELF = YES;
				CLANG_WARN_OBJC_LITERAL_CONVERSION = YES;
				CLANG_WARN_OBJC_ROOT_CLASS = YES_ERROR;
				CLANG_WARN_RANGE_LOOP_ANALYSIS = YES;
				CLANG_WARN_STRICT_PROTOTYPES = YES;
				CLANG_WARN_SUSPICIOUS_MOVE = YES;
				CLANG_WARN_UNGUARDED_AVAILABILITY = YES_AGGRESSIVE;
				CLANG_WARN_UNREACHABLE_CODE = YES;
				CLANG_WARN__DUPLICATE_METHOD_MATCH = YES;
				CODE_SIGN_IDENTITY = "iPhone Developer";
				COPY_PHASE_STRIP = NO;
				DEBUG_INFORMATION_FORMAT = "dwarf-with-dsym";
				ENABLE_NS_ASSERTIONS = NO;
				ENABLE_STRICT_OBJC_MSGSEND = YES;
				GCC_C_LANGUAGE_STANDARD = gnu11;
				GCC_NO_COMMON_BLOCKS = YES;
				GCC_WARN_64_TO_32_BIT_CONVERSION = YES;
				GCC_WARN_ABOUT_RETURN_TYPE = YES_ERROR;
				GCC_WARN_UNDECLARED_SELECTOR = YES;
				GCC_WARN_UNINITIALIZED_AUTOS = YES_AGGRESSIVE;
				GCC_WARN_UNUSED_FUNCTION = YES;
				GCC_WARN_UNUSED_VARIABLE = YES;
				INFOPLIST_FILE = "";
				IPHONEOS_DEPLOYMENT_TARGET = 9.3;
				MTL_ENABLE_DEBUG_INFO = NO;
				SDKROOT = iphoneos;
				SWIFT_COMPILATION_MODE = wholemodule;
				SWIFT_OPTIMIZATION_LEVEL = "-O";
				VALIDATE_PRODUCT = YES;
			};
			name = Release;
		};
		41CD4CE82093A7180029800B /* Debug */ = {
			isa = XCBuildConfiguration;
			buildSettings = {
				ASSETCATALOG_COMPILER_APPICON_NAME = AppIcon;
				CODE_SIGN_STYLE = Automatic;
				DEVELOPMENT_TEAM = 49BLJJ9CJU;
				INFOPLIST_FILE = "$(SRCROOT)/DropDownButton/Example/Info.plist";
				IPHONEOS_DEPLOYMENT_TARGET = 9.3;
				LD_RUNPATH_SEARCH_PATHS = (
					"$(inherited)",
					"@executable_path/Frameworks",
				);
				PRODUCT_BUNDLE_IDENTIFIER = com.m3g0byt3.DropDownButton;
				PRODUCT_NAME = "$(TARGET_NAME)";
				SWIFT_VERSION = 4.0;
				TARGETED_DEVICE_FAMILY = "1,2";
			};
			name = Debug;
		};
		41CD4CE92093A7180029800B /* Release */ = {
			isa = XCBuildConfiguration;
			buildSettings = {
				ASSETCATALOG_COMPILER_APPICON_NAME = AppIcon;
				CODE_SIGN_STYLE = Automatic;
				DEVELOPMENT_TEAM = 49BLJJ9CJU;
				INFOPLIST_FILE = "$(SRCROOT)/DropDownButton/Example/Info.plist";
				IPHONEOS_DEPLOYMENT_TARGET = 9.3;
				LD_RUNPATH_SEARCH_PATHS = (
					"$(inherited)",
					"@executable_path/Frameworks",
				);
				PRODUCT_BUNDLE_IDENTIFIER = com.m3g0byt3.DropDownButton;
				PRODUCT_NAME = "$(TARGET_NAME)";
				SWIFT_VERSION = 4.0;
				TARGETED_DEVICE_FAMILY = "1,2";
			};
			name = Release;
		};
/* End XCBuildConfiguration section */

/* Begin XCConfigurationList section */
		41CD4CD02093A7160029800B /* Build configuration list for PBXProject "DropDownButton" */ = {
			isa = XCConfigurationList;
			buildConfigurations = (
				41CD4CE52093A7180029800B /* Debug */,
				41CD4CE62093A7180029800B /* Release */,
			);
			defaultConfigurationIsVisible = 0;
			defaultConfigurationName = Release;
		};
		41CD4CE72093A7180029800B /* Build configuration list for PBXNativeTarget "DropDownButton" */ = {
			isa = XCConfigurationList;
			buildConfigurations = (
				41CD4CE82093A7180029800B /* Debug */,
				41CD4CE92093A7180029800B /* Release */,
			);
			defaultConfigurationIsVisible = 0;
			defaultConfigurationName = Release;
		};
/* End XCConfigurationList section */
	};
	rootObject = 41CD4CCD2093A7160029800B /* Project object */;
}
